// !$*UTF8*$!
{
	archiveVersion = 1;
	classes = {
	};
	objectVersion = 46;
	objects = {

/* Begin PBXBuildFile section */
		B83F327B1D7FC42D00BF26BD /* main.m in Sources */ = {isa = PBXBuildFile; fileRef = B83F327A1D7FC42D00BF26BD /* main.m */; };
		B83F327E1D7FC42D00BF26BD /* AppDelegate.m in Sources */ = {isa = PBXBuildFile; fileRef = B83F327D1D7FC42D00BF26BD /* AppDelegate.m */; };
		B83F32811D7FC42D00BF26BD /* ViewController.m in Sources */ = {isa = PBXBuildFile; fileRef = B83F32801D7FC42D00BF26BD /* ViewController.m */; };
		B83F32841D7FC42D00BF26BD /* Main.storyboard in Resources */ = {isa = PBXBuildFile; fileRef = B83F32821D7FC42D00BF26BD /* Main.storyboard */; };
		B83F32861D7FC42D00BF26BD /* Assets.xcassets in Resources */ = {isa = PBXBuildFile; fileRef = B83F32851D7FC42D00BF26BD /* Assets.xcassets */; };
		B83F32891D7FC42D00BF26BD /* LaunchScreen.storyboard in Resources */ = {isa = PBXBuildFile; fileRef = B83F32871D7FC42D00BF26BD /* LaunchScreen.storyboard */; };
		B83F32921D7FC45400BF26BD /* SYLBulletView.m in Sources */ = {isa = PBXBuildFile; fileRef = B83F32911D7FC45400BF26BD /* SYLBulletView.m */; };
		B83F32951D7FC49A00BF26BD /* SYLBullet.m in Sources */ = {isa = PBXBuildFile; fileRef = B83F32941D7FC49A00BF26BD /* SYLBullet.m */; };
		B83F329B1D7FC5FC00BF26BD /* SYLBulletDispatcher.m in Sources */ = {isa = PBXBuildFile; fileRef = B83F329A1D7FC5FC00BF26BD /* SYLBulletDispatcher.m */; };
		B83F329E1D7FEF5E00BF26BD /* SYLBulletTrajectory.m in Sources */ = {isa = PBXBuildFile; fileRef = B83F329D1D7FEF5E00BF26BD /* SYLBulletTrajectory.m */; };
/* End PBXBuildFile section */

/* Begin PBXFileReference section */
		B83F32761D7FC42D00BF26BD /* bullet.app */ = {isa = PBXFileReference; explicitFileType = wrapper.application; includeInIndex = 0; path = bullet.app; sourceTree = BUILT_PRODUCTS_DIR; };
		B83F327A1D7FC42D00BF26BD /* main.m */ = {isa = PBXFileReference; lastKnownFileType = sourcecode.c.objc; path = main.m; sourceTree = "<group>"; };
		B83F327C1D7FC42D00BF26BD /* AppDelegate.h */ = {isa = PBXFileReference; lastKnownFileType = sourcecode.c.h; path = AppDelegate.h; sourceTree = "<group>"; };
		B83F327D1D7FC42D00BF26BD /* AppDelegate.m */ = {isa = PBXFileReference; lastKnownFileType = sourcecode.c.objc; path = AppDelegate.m; sourceTree = "<group>"; };
		B83F327F1D7FC42D00BF26BD /* ViewController.h */ = {isa = PBXFileReference; lastKnownFileType = sourcecode.c.h; path = ViewController.h; sourceTree = "<group>"; };
		B83F32801D7FC42D00BF26BD /* ViewController.m */ = {isa = PBXFileReference; lastKnownFileType = sourcecode.c.objc; path = ViewController.m; sourceTree = "<group>"; };
		B83F32831D7FC42D00BF26BD /* Base */ = {isa = PBXFileReference; lastKnownFileType = file.storyboard; name = Base; path = Base.lproj/Main.storyboard; sourceTree = "<group>"; };
		B83F32851D7FC42D00BF26BD /* Assets.xcassets */ = {isa = PBXFileReference; lastKnownFileType = folder.assetcatalog; path = Assets.xcassets; sourceTree = "<group>"; };
		B83F32881D7FC42D00BF26BD /* Base */ = {isa = PBXFileReference; lastKnownFileType = file.storyboard; name = Base; path = Base.lproj/LaunchScreen.storyboard; sourceTree = "<group>"; };
		B83F328A1D7FC42D00BF26BD /* Info.plist */ = {isa = PBXFileReference; lastKnownFileType = text.plist.xml; path = Info.plist; sourceTree = "<group>"; };
		B83F32901D7FC45400BF26BD /* SYLBulletView.h */ = {isa = PBXFileReference; fileEncoding = 4; lastKnownFileType = sourcecode.c.h; path = SYLBulletView.h; sourceTree = "<group>"; };
		B83F32911D7FC45400BF26BD /* SYLBulletView.m */ = {isa = PBXFileReference; fileEncoding = 4; lastKnownFileType = sourcecode.c.objc; path = SYLBulletView.m; sourceTree = "<group>"; };
		B83F32931D7FC49A00BF26BD /* SYLBullet.h */ = {isa = PBXFileReference; fileEncoding = 4; lastKnownFileType = sourcecode.c.h; path = SYLBullet.h; sourceTree = "<group>"; };
		B83F32941D7FC49A00BF26BD /* SYLBullet.m */ = {isa = PBXFileReference; fileEncoding = 4; lastKnownFileType = sourcecode.c.objc; path = SYLBullet.m; sourceTree = "<group>"; };
		B83F32991D7FC5FC00BF26BD /* SYLBulletDispatcher.h */ = {isa = PBXFileReference; fileEncoding = 4; lastKnownFileType = sourcecode.c.h; path = SYLBulletDispatcher.h; sourceTree = "<group>"; };
		B83F329A1D7FC5FC00BF26BD /* SYLBulletDispatcher.m */ = {isa = PBXFileReference; fileEncoding = 4; lastKnownFileType = sourcecode.c.objc; path = SYLBulletDispatcher.m; sourceTree = "<group>"; };
		B83F329C1D7FEF5E00BF26BD /* SYLBulletTrajectory.h */ = {isa = PBXFileReference; fileEncoding = 4; lastKnownFileType = sourcecode.c.h; path = SYLBulletTrajectory.h; sourceTree = "<group>"; };
		B83F329D1D7FEF5E00BF26BD /* SYLBulletTrajectory.m */ = {isa = PBXFileReference; fileEncoding = 4; lastKnownFileType = sourcecode.c.objc; path = SYLBulletTrajectory.m; sourceTree = "<group>"; };
/* End PBXFileReference section */

/* Begin PBXFrameworksBuildPhase section */
		B83F32731D7FC42D00BF26BD /* Frameworks */ = {
			isa = PBXFrameworksBuildPhase;
			buildActionMask = 2147483647;
			files = (
			);
			runOnlyForDeploymentPostprocessing = 0;
		};
/* End PBXFrameworksBuildPhase section */

/* Begin PBXGroup section */
		B83F326D1D7FC42D00BF26BD = {
			isa = PBXGroup;
			children = (
				B83F32781D7FC42D00BF26BD /* bullet */,
				B83F32771D7FC42D00BF26BD /* Products */,
			);
			sourceTree = "<group>";
		};
		B83F32771D7FC42D00BF26BD /* Products */ = {
			isa = PBXGroup;
			children = (
				B83F32761D7FC42D00BF26BD /* bullet.app */,
			);
			name = Products;
			sourceTree = "<group>";
		};
		B83F32781D7FC42D00BF26BD /* bullet */ = {
			isa = PBXGroup;
			children = (
				B83F327C1D7FC42D00BF26BD /* AppDelegate.h */,
				B83F327D1D7FC42D00BF26BD /* AppDelegate.m */,
				B83F327F1D7FC42D00BF26BD /* ViewController.h */,
				B83F32801D7FC42D00BF26BD /* ViewController.m */,
				B83F32901D7FC45400BF26BD /* SYLBulletView.h */,
				B83F32911D7FC45400BF26BD /* SYLBulletView.m */,
				B83F32931D7FC49A00BF26BD /* SYLBullet.h */,
				B83F32941D7FC49A00BF26BD /* SYLBullet.m */,
				B83F329C1D7FEF5E00BF26BD /* SYLBulletTrajectory.h */,
				B83F329D1D7FEF5E00BF26BD /* SYLBulletTrajectory.m */,
				B83F32991D7FC5FC00BF26BD /* SYLBulletDispatcher.h */,
				B83F329A1D7FC5FC00BF26BD /* SYLBulletDispatcher.m */,
				B83F32821D7FC42D00BF26BD /* Main.storyboard */,
				B83F32851D7FC42D00BF26BD /* Assets.xcassets */,
				B83F32871D7FC42D00BF26BD /* LaunchScreen.storyboard */,
				B83F328A1D7FC42D00BF26BD /* Info.plist */,
				B83F32791D7FC42D00BF26BD /* Supporting Files */,
			);
			path = bullet;
			sourceTree = "<group>";
		};
		B83F32791D7FC42D00BF26BD /* Supporting Files */ = {
			isa = PBXGroup;
			children = (
				B83F327A1D7FC42D00BF26BD /* main.m */,
			);
			name = "Supporting Files";
			sourceTree = "<group>";
		};
/* End PBXGroup section */

/* Begin PBXNativeTarget section */
		B83F32751D7FC42D00BF26BD /* bullet */ = {
			isa = PBXNativeTarget;
			buildConfigurationList = B83F328D1D7FC42D00BF26BD /* Build configuration list for PBXNativeTarget "bullet" */;
			buildPhases = (
				B83F32721D7FC42D00BF26BD /* Sources */,
				B83F32731D7FC42D00BF26BD /* Frameworks */,
				B83F32741D7FC42D00BF26BD /* Resources */,
			);
			buildRules = (
			);
			dependencies = (
			);
			name = bullet;
			productName = bullet;
			productReference = B83F32761D7FC42D00BF26BD /* bullet.app */;
			productType = "com.apple.product-type.application";
		};
/* End PBXNativeTarget section */

/* Begin PBXProject section */
		B83F326E1D7FC42D00BF26BD /* Project object */ = {
			isa = PBXProject;
			attributes = {
				LastUpgradeCheck = 0730;
				ORGANIZATIONNAME = "Yue Shen";
				TargetAttributes = {
					B83F32751D7FC42D00BF26BD = {
						CreatedOnToolsVersion = 7.3.1;
						DevelopmentTeam = H9EMJ6BDSU;
					};
				};
			};
			buildConfigurationList = B83F32711D7FC42D00BF26BD /* Build configuration list for PBXProject "bullet" */;
			compatibilityVersion = "Xcode 3.2";
			developmentRegion = English;
			hasScannedForEncodings = 0;
			knownRegions = (
				en,
				Base,
			);
			mainGroup = B83F326D1D7FC42D00BF26BD;
			productRefGroup = B83F32771D7FC42D00BF26BD /* Products */;
			projectDirPath = "";
			projectRoot = "";
			targets = (
				B83F32751D7FC42D00BF26BD /* bullet */,
			);
		};
/* End PBXProject section */

/* Begin PBXResourcesBuildPhase section */
		B83F32741D7FC42D00BF26BD /* Resources */ = {
			isa = PBXResourcesBuildPhase;
			buildActionMask = 2147483647;
			files = (
				B83F32891D7FC42D00BF26BD /* LaunchScreen.storyboard in Resources */,
				B83F32861D7FC42D00BF26BD /* Assets.xcassets in Resources */,
				B83F32841D7FC42D00BF26BD /* Main.storyboard in Resources */,
			);
			runOnlyForDeploymentPostprocessing = 0;
		};
/* End PBXResourcesBuildPhase section */

/* Begin PBXSourcesBuildPhase section */
		B83F32721D7FC42D00BF26BD /* Sources */ = {
			isa = PBXSourcesBuildPhase;
			buildActionMask = 2147483647;
			files = (
				B83F32811D7FC42D00BF26BD /* ViewController.m in Sources */,
				B83F32951D7FC49A00BF26BD /* SYLBullet.m in Sources */,
				B83F329B1D7FC5FC00BF26BD /* SYLBulletDispatcher.m in Sources */,
				B83F32921D7FC45400BF26BD /* SYLBulletView.m in Sources */,
				B83F327E1D7FC42D00BF26BD /* AppDelegate.m in Sources */,
				B83F327B1D7FC42D00BF26BD /* main.m in Sources */,
				B83F329E1D7FEF5E00BF26BD /* SYLBulletTrajectory.m in Sources */,
			);
			runOnlyForDeploymentPostprocessing = 0;
		};
/* End PBXSourcesBuildPhase section */

/* Begin PBXVariantGroup section */
		B83F32821D7FC42D00BF26BD /* Main.storyboard */ = {
			isa = PBXVariantGroup;
			children = (
				B83F32831D7FC42D00BF26BD /* Base */,
			);
			name = Main.storyboard;
			sourceTree = "<group>";
		};
		B83F32871D7FC42D00BF26BD /* LaunchScreen.storyboard */ = {
			isa = PBXVariantGroup;
			children = (
				B83F32881D7FC42D00BF26BD /* Base */,
			);
			name = LaunchScreen.storyboard;
			sourceTree = "<group>";
		};
/* End PBXVariantGroup section */

/* Begin XCBuildConfiguration section */
		B83F328B1D7FC42D00BF26BD /* Debug */ = {
			isa = XCBuildConfiguration;
			buildSettings = {
				ALWAYS_SEARCH_USER_PATHS = NO;
				CLANG_ANALYZER_NONNULL = YES;
				CLANG_CXX_LANGUAGE_STANDARD = "gnu++0x";
				CLANG_CXX_LIBRARY = "libc++";
				CLANG_ENABLE_MODULES = YES;
				CLANG_ENABLE_OBJC_ARC = YES;
				CLANG_WARN_BOOL_CONVERSION = YES;
				CLANG_WARN_CONSTANT_CONVERSION = YES;
				CLANG_WARN_DIRECT_OBJC_ISA_USAGE = YES_ERROR;
				CLANG_WARN_EMPTY_BODY = YES;
				CLANG_WARN_ENUM_CONVERSION = YES;
				CLANG_WARN_INT_CONVERSION = YES;
				CLANG_WARN_OBJC_ROOT_CLASS = YES_ERROR;
				CLANG_WARN_UNREACHABLE_CODE = YES;
				CLANG_WARN__DUPLICATE_METHOD_MATCH = YES;
				"CODE_SIGN_IDENTITY[sdk=iphoneos*]" = "iPhone Developer";
				COPY_PHASE_STRIP = NO;
				DEBUG_INFORMATION_FORMAT = dwarf;
				ENABLE_STRICT_OBJC_MSGSEND = YES;
				ENABLE_TESTABILITY = YES;
				GCC_C_LANGUAGE_STANDARD = gnu99;
				GCC_DYNAMIC_NO_PIC = NO;
				GCC_NO_COMMON_BLOCKS = YES;
				GCC_OPTIMIZATION_LEVEL = 0;
				GCC_PREPROCESSOR_DEFINITIONS = (
					"DEBUG=1",
					"$(inherited)",
				);
				GCC_WARN_64_TO_32_BIT_CONVERSION = YES;
				GCC_WARN_ABOUT_RETURN_TYPE = YES_ERROR;
				GCC_WARN_UNDECLARED_SELECTOR = YES;
				GCC_WARN_UNINITIALIZED_AUTOS = YES_AGGRESSIVE;
				GCC_WARN_UNUSED_FUNCTION = YES;
				GCC_WARN_UNUSED_VARIABLE = YES;
				IPHONEOS_DEPLOYMENT_TARGET = 9.3;
				MTL_ENABLE_DEBUG_INFO = YES;
				ONLY_ACTIVE_ARCH = YES;
				SDKROOT = iphoneos;
				TARGETED_DEVICE_FAMILY = "1,2";
			};
			name = Debug;
		};
		B83F328C1D7FC42D00BF26BD /* Release */ = {
			isa = XCBuildConfiguration;
			buildSettings = {
				ALWAYS_SEARCH_USER_PATHS = NO;
				CLANG_ANALYZER_NONNULL = YES;
				CLANG_CXX_LANGUAGE_STANDARD = "gnu++0x";
				CLANG_CXX_LIBRARY = "libc++";
				CLANG_ENABLE_MODULES = YES;
				CLANG_ENABLE_OBJC_ARC = YES;
				CLANG_WARN_BOOL_CONVERSION = YES;
				CLANG_WARN_CONSTANT_CONVERSION = YES;
				CLANG_WARN_DIRECT_OBJC_ISA_USAGE = YES_ERROR;
				CLANG_WARN_EMPTY_BODY = YES;
				CLANG_WARN_ENUM_CONVERSION = YES;
				CLANG_WARN_INT_CONVERSION = YES;
				CLANG_WARN_OBJC_ROOT_CLASS = YES_ERROR;
				CLANG_WARN_UNREACHABLE_CODE = YES;
				CLANG_WARN__DUPLICATE_METHOD_MATCH = YES;
				"CODE_SIGN_IDENTITY[sdk=iphoneos*]" = "iPhone Developer";
				COPY_PHASE_STRIP = NO;
				DEBUG_INFORMATION_FORMAT = "dwarf-with-dsym";
				ENABLE_NS_ASSERTIONS = NO;
				ENABLE_STRICT_OBJC_MSGSEND = YES;
				GCC_C_LANGUAGE_STANDARD = gnu99;
				GCC_NO_COMMON_BLOCKS = YES;
				GCC_WARN_64_TO_32_BIT_CONVERSION = YES;
				GCC_WARN_ABOUT_RETURN_TYPE = YES_ERROR;
				GCC_WARN_UNDECLARED_SELECTOR = YES;
				GCC_WARN_UNINITIALIZED_AUTOS = YES_AGGRESSIVE;
				GCC_WARN_UNUSED_FUNCTION = YES;
				GCC_WARN_UNUSED_VARIABLE = YES;
				IPHONEOS_DEPLOYMENT_TARGET = 9.3;
				MTL_ENABLE_DEBUG_INFO = NO;
				SDKROOT = iphoneos;
				TARGETED_DEVICE_FAMILY = "1,2";
				VALIDATE_PRODUCT = YES;
			};
			name = Release;
		};
		B83F328E1D7FC42D00BF26BD /* Debug */ = {
			isa = XCBuildConfiguration;
			buildSettings = {
				ASSETCATALOG_COMPILER_APPICON_NAME = AppIcon;
				CODE_SIGN_IDENTITY = "iPhone Developer";
				"CODE_SIGN_IDENTITY[sdk=iphoneos*]" = "iPhone Developer";
				INFOPLIST_FILE = bullet/Info.plist;
				LD_RUNPATH_SEARCH_PATHS = "$(inherited) @executable_path/Frameworks";
				PRODUCT_BUNDLE_IDENTIFIER = com.youku.liveshow;
				PRODUCT_NAME = "$(TARGET_NAME)";
				PROVISIONING_PROFILE = "";
			};
			name = Debug;
		};
		B83F328F1D7FC42D00BF26BD /* Release */ = {
			isa = XCBuildConfiguration;
			buildSettings = {
				ASSETCATALOG_COMPILER_APPICON_NAME = AppIcon;
				CODE_SIGN_IDENTITY = "iPhone Developer";
				"CODE_SIGN_IDENTITY[sdk=iphoneos*]" = "iPhone Developer";
				INFOPLIST_FILE = bullet/Info.plist;
				LD_RUNPATH_SEARCH_PATHS = "$(inherited) @executable_path/Frameworks";
				PRODUCT_BUNDLE_IDENTIFIER = com.youku.liveshow;
				PRODUCT_NAME = "$(TARGET_NAME)";
				PROVISIONING_PROFILE = "";
			};
			name = Release;
		};
/* End XCBuildConfiguration section */

/* Begin XCConfigurationList section */
		B83F32711D7FC42D00BF26BD /* Build configuration list for PBXProject "bullet" */ = {
			isa = XCConfigurationList;
			buildConfigurations = (
				B83F328B1D7FC42D00BF26BD /* Debug */,
				B83F328C1D7FC42D00BF26BD /* Release */,
			);
			defaultConfigurationIsVisible = 0;
			defaultConfigurationName = Release;
		};
		B83F328D1D7FC42D00BF26BD /* Build configuration list for PBXNativeTarget "bullet" */ = {
			isa = XCConfigurationList;
			buildConfigurations = (
				B83F328E1D7FC42D00BF26BD /* Debug */,
				B83F328F1D7FC42D00BF26BD /* Release */,
			);
			defaultConfigurationIsVisible = 0;
		};
/* End XCConfigurationList section */
	};
	rootObject = B83F326E1D7FC42D00BF26BD /* Project object */;
}
